
Microsoft Visual Studio Solution File, Format Version 12.00
# Visual Studio Version 16
VisualStudioVersion = 16.0.31402.337
MinimumVisualStudioVersion = 10.0.40219.1
Project("{FAE04EC0-301F-11D3-BF4B-00C04F79EFBC}") = "SeleniumTests", "SeleniumTests.csproj", "{59393EED-ACAD-4DEA-B0D5-F595AB41C684}"
EndProject
Global
	GlobalSection(SolutionConfigurationPlatforms) = preSolution
		Debug|Any CPU = Debug|Any CPU
		Release|Any CPU = Release|Any CPU
	EndGlobalSection
	GlobalSection(ProjectConfigurationPlatforms) = postSolution
		{59393EED-ACAD-4DEA-B0D5-F595AB41C684}.Debug|Any CPU.ActiveCfg = Debug|Any CPU
		{59393EED-ACAD-4DEA-B0D5-F595AB41C684}.Debug|Any CPU.Build.0 = Debug|Any CPU
		{59393EED-ACAD-4DEA-B0D5-F595AB41C684}.Release|Any CPU.ActiveCfg = Release|Any CPU
		{59393EED-ACAD-4DEA-B0D5-F595AB41C684}.Release|Any CPU.Build.0 = Release|Any CPU
	EndGlobalSection
	GlobalSection(SolutionProperties) = preSolution
		HideSolutionNode = FALSE
	EndGlobalSection
	GlobalSection(ExtensibilityGlobals) = postSolution
		SolutionGuid = {34D3E808-7705-44A6-BB2C-1E8D2A266556}
	EndGlobalSection
EndGlobal
